github.com/VividCortex/ewma v1.1.1 h1:MnEK4VOv6n0RSY4vtRe3h11qjxL3+t0B8yOL8iMXdcM=
github.com/VividCortex/ewma v1.1.1/go.mod h1:2Tkkvm3sRDVXaiyucHiACn4cqf7DpdyLvmxzcbUokwA=
github.com/amitbet/gorename v0.0.0-20190107054843-300b577db37e h1:tIK4cl/Sv+RNaNars15HJy1ry6srE9bwZmQYFzul7zA=
github.com/amitbet/gorename v0.0.0-20190107054843-300b577db37e/go.mod h1:CpEpf/sYrXvXeBo9OjMfWgKOT9Zeqjp7QE4UtaA4kmM=
github.com/inconshreveable/mousetrap v1.0.0 h1:Z8tu5sraLXCXIcARxBp/8cbvlwVa7Z1NHg9XEKhtSvM=
github.com/inconshreveable/mousetrap v1.0.0/go.mod h1:PxqpIevigyE2G7u3NXJIT2ANytuPF1OarO4DADm73n8=
github.com/spf13/cobra v0.0.3 h1:ZlrZ4XsMRm04Fr5pSFxBgfND2EBVa1nLpiy1stUsX/8=
github.com/spf13/cobra v0.0.3/go.mod h1:1l0Ry5zgKvJasoi3XT1TypsSe7PqH0Sj9dhYf7v3XqQ=
github.com/spf13/pflag v1.0.3 h1:zPAT6CGy6wXeQ7NtTnaTerfKOsV6V6F8agHXFiazDkg=
github.com/spf13/pflag v1.0.3/go.mod h1:DYY7MBk1bdzusC3SYhjObp+wFpr4gzcvqqNjLnInEg4=
github.com/vbauerster/mpb/v4 v4.6.0 h1:8TF1TYbRc7IuaIwA0rGM/DAr25OrfYUAMFAgU1RDvsw=
github.com/vbauerster/mpb/v4 v4.6.0/go.mod h1:bTEFEKvSeMyGvZVflCs/jDs0Jlc5RJJVSN72r0QxBJI=
golang.org/x/crypto v0.0.0-20190228161510-8dd112bcdc25 h1:jsG6UpNLt9iAsb0S2AGW28DveNzzgmbXR+ENoPjUeIU=
golang.org/x/crypto v0.0.0-20190228161510-8dd112bcdc25/go.mod h1:djNgcEr1/C05ACkg1iLfiJU5Ep61QUkGW8qpdssI0+w=
golang.org/x/crypto v0.0.0-20190308221718-c2843e01d9a2 h1:VklqNMn3ovrHsnt90PveolxSbWFaJdECFbxSq0Mqo2M=
golang.org/x/crypto v0.0.0-20190308221718-c2843e01d9a2/go.mod h1:djNgcEr1/C05ACkg1iLfiJU5Ep61QUkGW8qpdssI0+w=
golang.org/x/net v0.0.0-20190311183353-d8887717615a/go.mod h1:t9HGtf8HONx5eT2rtn7q6eTqICYqUVnKs3thJo3Qplg=
golang.org/x/sys v0.0.0-20190215142949-d0b11bdaac8a/go.mod h1:STP8DvDyc/dI5b8T5hshtkjS+E42TnysNCUPdjciGhY=
golang.org/x/sys v0.0.0-20190307162637-572b51eaf722/go.mod h1:h1NjWce9XRLGQEsW7wpKNCjG9DtNlClVuFLEZdDNbEs=
golang.org/x/sys v0.0.0-20190312061237-fead79001313 h1:pczuHS43Cp2ktBEEmLwScxgjWsBSzdaQiKzUyf3DTTc=
golang.org/x/sys v0.0.0-20190312061237-fead79001313/go.mod h1:h1NjWce9XRLGQEsW7wpKNCjG9DtNlClVuFLEZdDNbEs=
golang.org/x/text v0.3.0/go.mod h1:NqM8EUOU14njkJ3fqMW+pc6Ldnwhi/IjpwHt7yyuwOQ=
golang.org/x/tools v0.0.0-20190315044204-8b67d361bba2 h1:UW7QBl+AuPLMXy5g3iGofcPmCH+CajjwwKguuuJCS3E=
golang.org/x/tools v0.0.0-20190315044204-8b67d361bba2/go.mod h1:LCzVGOaR6xXOjkQ3onu1FJEFr0SW1gC7cKk1uF8kGRs=
